// !$*UTF8*$!
{
	archiveVersion = 1;
	classes = {
	};
	objectVersion = 56;
	objects = {

/* Begin PBXBuildFile section */
		0826E25728EA206200C2B9CD /* AppDelegate.swift in Sources */ = {isa = PBXBuildFile; fileRef = 0826E25628EA206200C2B9CD /* AppDelegate.swift */; };
		0826E25928EA206200C2B9CD /* SceneDelegate.swift in Sources */ = {isa = PBXBuildFile; fileRef = 0826E25828EA206200C2B9CD /* SceneDelegate.swift */; };
		0826E25B28EA206200C2B9CD /* LoginViewController.swift in Sources */ = {isa = PBXBuildFile; fileRef = 0826E25A28EA206200C2B9CD /* LoginViewController.swift */; };
		0826E25E28EA206200C2B9CD /* Main.storyboard in Resources */ = {isa = PBXBuildFile; fileRef = 0826E25C28EA206200C2B9CD /* Main.storyboard */; };
		0826E26028EA206300C2B9CD /* Assets.xcassets in Resources */ = {isa = PBXBuildFile; fileRef = 0826E25F28EA206300C2B9CD /* Assets.xcassets */; };
		0826E26328EA206300C2B9CD /* LaunchScreen.storyboard in Resources */ = {isa = PBXBuildFile; fileRef = 0826E26128EA206300C2B9CD /* LaunchScreen.storyboard */; };
		0826E26B28EA21F200C2B9CD /* WelcomeViewController.swift in Sources */ = {isa = PBXBuildFile; fileRef = 0826E26A28EA21F200C2B9CD /* WelcomeViewController.swift */; };
/* End PBXBuildFile section */

/* Begin PBXFileReference section */
		0826E25328EA206200C2B9CD /* SwiftBookHomeTaskTransitions.app */ = {isa = PBXFileReference; explicitFileType = wrapper.application; includeInIndex = 0; path = SwiftBookHomeTaskTransitions.app; sourceTree = BUILT_PRODUCTS_DIR; };
		0826E25628EA206200C2B9CD /* AppDelegate.swift */ = {isa = PBXFileReference; lastKnownFileType = sourcecode.swift; path = AppDelegate.swift; sourceTree = "<group>"; };
		0826E25828EA206200C2B9CD /* SceneDelegate.swift */ = {isa = PBXFileReference; lastKnownFileType = sourcecode.swift; path = SceneDelegate.swift; sourceTree = "<group>"; };
		0826E25A28EA206200C2B9CD /* LoginViewController.swift */ = {isa = PBXFileReference; lastKnownFileType = sourcecode.swift; path = LoginViewController.swift; sourceTree = "<group>"; };
		0826E25D28EA206200C2B9CD /* Base */ = {isa = PBXFileReference; lastKnownFileType = file.storyboard; name = Base; path = Base.lproj/Main.storyboard; sourceTree = "<group>"; };
		0826E25F28EA206300C2B9CD /* Assets.xcassets */ = {isa = PBXFileReference; lastKnownFileType = folder.assetcatalog; path = Assets.xcassets; sourceTree = "<group>"; };
		0826E26228EA206300C2B9CD /* Base */ = {isa = PBXFileReference; lastKnownFileType = file.storyboard; name = Base; path = Base.lproj/LaunchScreen.storyboard; sourceTree = "<group>"; };
		0826E26428EA206300C2B9CD /* Info.plist */ = {isa = PBXFileReference; lastKnownFileType = text.plist.xml; path = Info.plist; sourceTree = "<group>"; };
		0826E26A28EA21F200C2B9CD /* WelcomeViewController.swift */ = {isa = PBXFileReference; lastKnownFileType = sourcecode.swift; path = WelcomeViewController.swift; sourceTree = "<group>"; };
/* End PBXFileReference section */

/* Begin PBXFrameworksBuildPhase section */
		0826E25028EA206200C2B9CD /* Frameworks */ = {
			isa = PBXFrameworksBuildPhase;
			buildActionMask = 2147483647;
			files = (
			);
			runOnlyForDeploymentPostprocessing = 0;
		};
/* End PBXFrameworksBuildPhase section */

/* Begin PBXGroup section */
		0826E24A28EA206200C2B9CD = {
			isa = PBXGroup;
			children = (
				0826E25528EA206200C2B9CD /* SwiftBookHomeTaskTransitions */,
				0826E25428EA206200C2B9CD /* Products */,
			);
			sourceTree = "<group>";
		};
		0826E25428EA206200C2B9CD /* Products */ = {
			isa = PBXGroup;
			children = (
				0826E25328EA206200C2B9CD /* SwiftBookHomeTaskTransitions.app */,
			);
			name = Products;
			sourceTree = "<group>";
		};
		0826E25528EA206200C2B9CD /* SwiftBookHomeTaskTransitions */ = {
			isa = PBXGroup;
			children = (
				0826E25628EA206200C2B9CD /* AppDelegate.swift */,
				0826E25828EA206200C2B9CD /* SceneDelegate.swift */,
				0826E25A28EA206200C2B9CD /* LoginViewController.swift */,
				0826E26A28EA21F200C2B9CD /* WelcomeViewController.swift */,
				0826E25C28EA206200C2B9CD /* Main.storyboard */,
				0826E25F28EA206300C2B9CD /* Assets.xcassets */,
				0826E26128EA206300C2B9CD /* LaunchScreen.storyboard */,
				0826E26428EA206300C2B9CD /* Info.plist */,
			);
			path = SwiftBookHomeTaskTransitions;
			sourceTree = "<group>";
		};
/* End PBXGroup section */

/* Begin PBXNativeTarget section */
		0826E25228EA206200C2B9CD /* SwiftBookHomeTaskTransitions */ = {
			isa = PBXNativeTarget;
			buildConfigurationList = 0826E26728EA206300C2B9CD /* Build configuration list for PBXNativeTarget "SwiftBookHomeTaskTransitions" */;
			buildPhases = (
				0826E24F28EA206200C2B9CD /* Sources */,
				0826E25028EA206200C2B9CD /* Frameworks */,
				0826E25128EA206200C2B9CD /* Resources */,
			);
			buildRules = (
			);
			dependencies = (
			);
			name = SwiftBookHomeTaskTransitions;
			productName = SwiftBookHomeTaskTransitions;
			productReference = 0826E25328EA206200C2B9CD /* SwiftBookHomeTaskTransitions.app */;
			productType = "com.apple.product-type.application";
		};
/* End PBXNativeTarget section */

/* Begin PBXProject section */
		0826E24B28EA206200C2B9CD /* Project object */ = {
			isa = PBXProject;
			attributes = {
				BuildIndependentTargetsInParallel = 1;
				LastSwiftUpdateCheck = 1400;
				LastUpgradeCheck = 1400;
				TargetAttributes = {
					0826E25228EA206200C2B9CD = {
						CreatedOnToolsVersion = 14.0;
					};
				};
			};
			buildConfigurationList = 0826E24E28EA206200C2B9CD /* Build configuration list for PBXProject "SwiftBookHomeTaskTransitions" */;
			compatibilityVersion = "Xcode 14.0";
			developmentRegion = en;
			hasScannedForEncodings = 0;
			knownRegions = (
				en,
				Base,
			);
			mainGroup = 0826E24A28EA206200C2B9CD;
			productRefGroup = 0826E25428EA206200C2B9CD /* Products */;
			projectDirPath = "";
			projectRoot = "";
			targets = (
				0826E25228EA206200C2B9CD /* SwiftBookHomeTaskTransitions */,
			);
		};
/* End PBXProject section */

/* Begin PBXResourcesBuildPhase section */
		0826E25128EA206200C2B9CD /* Resources */ = {
			isa = PBXResourcesBuildPhase;
			buildActionMask = 2147483647;
			files = (
				0826E26328EA206300C2B9CD /* LaunchScreen.storyboard in Resources */,
				0826E26028EA206300C2B9CD /* Assets.xcassets in Resources */,
				0826E25E28EA206200C2B9CD /* Main.storyboard in Resources */,
			);
			runOnlyForDeploymentPostprocessing = 0;
		};
/* End PBXResourcesBuildPhase section */

/* Begin PBXSourcesBuildPhase section */
		0826E24F28EA206200C2B9CD /* Sources */ = {
			isa = PBXSourcesBuildPhase;
			buildActionMask = 2147483647;
			files = (
				0826E25B28EA206200C2B9CD /* LoginViewController.swift in Sources */,
				0826E26B28EA21F200C2B9CD /* WelcomeViewController.swift in Sources */,
				0826E25728EA206200C2B9CD /* AppDelegate.swift in Sources */,
				0826E25928EA206200C2B9CD /* SceneDelegate.swift in Sources */,
			);
			runOnlyForDeploymentPostprocessing = 0;
		};
/* End PBXSourcesBuildPhase section */

/* Begin PBXVariantGroup section */
		0826E25C28EA206200C2B9CD /* Main.storyboard */ = {
			isa = PBXVariantGroup;
			children = (
				0826E25D28EA206200C2B9CD /* Base */,
			);
			name = Main.storyboard;
			sourceTree = "<group>";
		};
		0826E26128EA206300C2B9CD /* LaunchScreen.storyboard */ = {
			isa = PBXVariantGroup;
			children = (
				0826E26228EA206300C2B9CD /* Base */,
			);
			name = LaunchScreen.storyboard;
			sourceTree = "<group>";
		};
/* End PBXVariantGroup section */

/* Begin XCBuildConfiguration section */
		0826E26528EA206300C2B9CD /* Debug */ = {
			isa = XCBuildConfiguration;
			buildSettings = {
				ALWAYS_SEARCH_USER_PATHS = NO;
				CLANG_ANALYZER_NONNULL = YES;
				CLANG_ANALYZER_NUMBER_OBJECT_CONVERSION = YES_AGGRESSIVE;
				CLANG_CXX_LANGUAGE_STANDARD = "gnu++20";
				CLANG_ENABLE_MODULES = YES;
				CLANG_ENABLE_OBJC_ARC = YES;
				CLANG_ENABLE_OBJC_WEAK = YES;
				CLANG_WARN_BLOCK_CAPTURE_AUTORELEASING = YES;
				CLANG_WARN_BOOL_CONVERSION = YES;
				CLANG_WARN_COMMA = YES;
				CLANG_WARN_CONSTANT_CONVERSION = YES;
				CLANG_WARN_DEPRECATED_OBJC_IMPLEMENTATIONS = YES;
				CLANG_WARN_DIRECT_OBJC_ISA_USAGE = YES_ERROR;
				CLANG_WARN_DOCUMENTATION_COMMENTS = YES;
				CLANG_WARN_EMPTY_BODY = YES;
				CLANG_WARN_ENUM_CONVERSION = YES;
				CLANG_WARN_INFINITE_RECURSION = YES;
				CLANG_WARN_INT_CONVERSION = YES;
				CLANG_WARN_NON_LITERAL_NULL_CONVERSION = YES;
				CLANG_WARN_OBJC_IMPLICIT_RETAIN_SELF = YES;
				CLANG_WARN_OBJC_LITERAL_CONVERSION = YES;
				CLANG_WARN_OBJC_ROOT_CLASS = YES_ERROR;
				CLANG_WARN_QUOTED_INCLUDE_IN_FRAMEWORK_HEADER = YES;
				CLANG_WARN_RANGE_LOOP_ANALYSIS = YES;
				CLANG_WARN_STRICT_PROTOTYPES = YES;
				CLANG_WARN_SUSPICIOUS_MOVE = YES;
				CLANG_WARN_UNGUARDED_AVAILABILITY = YES_AGGRESSIVE;
				CLANG_WARN_UNREACHABLE_CODE = YES;
				CLANG_WARN__DUPLICATE_METHOD_MATCH = YES;
				COPY_PHASE_STRIP = NO;
				DEBUG_INFORMATION_FORMAT = dwarf;
				ENABLE_STRICT_OBJC_MSGSEND = YES;
				ENABLE_TESTABILITY = YES;
				GCC_C_LANGUAGE_STANDARD = gnu11;
				GCC_DYNAMIC_NO_PIC = NO;
				GCC_NO_COMMON_BLOCKS = YES;
				GCC_OPTIMIZATION_LEVEL = 0;
				GCC_PREPROCESSOR_DEFINITIONS = (
					"DEBUG=1",
					"$(inherited)",
				);
				GCC_WARN_64_TO_32_BIT_CONVERSION = YES;
				GCC_WARN_ABOUT_RETURN_TYPE = YES_ERROR;
				GCC_WARN_UNDECLARED_SELECTOR = YES;
				GCC_WARN_UNINITIALIZED_AUTOS = YES_AGGRESSIVE;
				GCC_WARN_UNUSED_FUNCTION = YES;
				GCC_WARN_UNUSED_VARIABLE = YES;
				IPHONEOS_DEPLOYMENT_TARGET = 16.0;
				MTL_ENABLE_DEBUG_INFO = INCLUDE_SOURCE;
				MTL_FAST_MATH = YES;
				ONLY_ACTIVE_ARCH = YES;
				SDKROOT = iphoneos;
				SWIFT_ACTIVE_COMPILATION_CONDITIONS = DEBUG;
				SWIFT_OPTIMIZATION_LEVEL = "-Onone";
			};
			name = Debug;
		};
		0826E26628EA206300C2B9CD /* Release */ = {
			isa = XCBuildConfiguration;
			buildSettings = {
				ALWAYS_SEARCH_USER_PATHS = NO;
				CLANG_ANALYZER_NONNULL = YES;
				CLANG_ANALYZER_NUMBER_OBJECT_CONVERSION = YES_AGGRESSIVE;
				CLANG_CXX_LANGUAGE_STANDARD = "gnu++20";
				CLANG_ENABLE_MODULES = YES;
				CLANG_ENABLE_OBJC_ARC = YES;
				CLANG_ENABLE_OBJC_WEAK = YES;
				CLANG_WARN_BLOCK_CAPTURE_AUTORELEASING = YES;
				CLANG_WARN_BOOL_CONVERSION = YES;
				CLANG_WARN_COMMA = YES;
				CLANG_WARN_CONSTANT_CONVERSION = YES;
				CLANG_WARN_DEPRECATED_OBJC_IMPLEMENTATIONS = YES;
				CLANG_WARN_DIRECT_OBJC_ISA_USAGE = YES_ERROR;
				CLANG_WARN_DOCUMENTATION_COMMENTS = YES;
				CLANG_WARN_EMPTY_BODY = YES;
				CLANG_WARN_ENUM_CONVERSION = YES;
				CLANG_WARN_INFINITE_RECURSION = YES;
				CLANG_WARN_INT_CONVERSION = YES;
				CLANG_WARN_NON_LITERAL_NULL_CONVERSION = YES;
				CLANG_WARN_OBJC_IMPLICIT_RETAIN_SELF = YES;
				CLANG_WARN_OBJC_LITERAL_CONVERSION = YES;
				CLANG_WARN_OBJC_ROOT_CLASS = YES_ERROR;
				CLANG_WARN_QUOTED_INCLUDE_IN_FRAMEWORK_HEADER = YES;
				CLANG_WARN_RANGE_LOOP_ANALYSIS = YES;
				CLANG_WARN_STRICT_PROTOTYPES = YES;
				CLANG_WARN_SUSPICIOUS_MOVE = YES;
				CLANG_WARN_UNGUARDED_AVAILABILITY = YES_AGGRESSIVE;
				CLANG_WARN_UNREACHABLE_CODE = YES;
				CLANG_WARN__DUPLICATE_METHOD_MATCH = YES;
				COPY_PHASE_STRIP = NO;
				DEBUG_INFORMATION_FORMAT = "dwarf-with-dsym";
				ENABLE_NS_ASSERTIONS = NO;
				ENABLE_STRICT_OBJC_MSGSEND = YES;
				GCC_C_LANGUAGE_STANDARD = gnu11;
				GCC_NO_COMMON_BLOCKS = YES;
				GCC_WARN_64_TO_32_BIT_CONVERSION = YES;
				GCC_WARN_ABOUT_RETURN_TYPE = YES_ERROR;
				GCC_WARN_UNDECLARED_SELECTOR = YES;
				GCC_WARN_UNINITIALIZED_AUTOS = YES_AGGRESSIVE;
				GCC_WARN_UNUSED_FUNCTION = YES;
				GCC_WARN_UNUSED_VARIABLE = YES;
				IPHONEOS_DEPLOYMENT_TARGET = 16.0;
				MTL_ENABLE_DEBUG_INFO = NO;
				MTL_FAST_MATH = YES;
				SDKROOT = iphoneos;
				SWIFT_COMPILATION_MODE = wholemodule;
				SWIFT_OPTIMIZATION_LEVEL = "-O";
				VALIDATE_PRODUCT = YES;
			};
			name = Release;
		};
		0826E26828EA206300C2B9CD /* Debug */ = {
			isa = XCBuildConfiguration;
			buildSettings = {
				ASSETCATALOG_COMPILER_APPICON_NAME = AppIcon;
				ASSETCATALOG_COMPILER_GLOBAL_ACCENT_COLOR_NAME = AccentColor;
				CODE_SIGN_STYLE = Automatic;
				CURRENT_PROJECT_VERSION = 1;
				DEVELOPMENT_TEAM = U5GTXVYV6H;
				GENERATE_INFOPLIST_FILE = YES;
				INFOPLIST_FILE = SwiftBookHomeTaskTransitions/Info.plist;
				INFOPLIST_KEY_UIApplicationSupportsIndirectInputEvents = YES;
				INFOPLIST_KEY_UILaunchStoryboardName = LaunchScreen;
				INFOPLIST_KEY_UIMainStoryboardFile = Main;
				INFOPLIST_KEY_UISupportedInterfaceOrientations_iPad = "UIInterfaceOrientationPortrait UIInterfaceOrientationPortraitUpsideDown UIInterfaceOrientationLandscapeLeft UIInterfaceOrientationLandscapeRight";
				INFOPLIST_KEY_UISupportedInterfaceOrientations_iPhone = "UIInterfaceOrientationPortrait UIInterfaceOrientationLandscapeLeft UIInterfaceOrientationLandscapeRight";
				LD_RUNPATH_SEARCH_PATHS = (
					"$(inherited)",
					"@executable_path/Frameworks",
				);
				MARKETING_VERSION = 1.0;
				PRODUCT_BUNDLE_IDENTIFIER = chechen.SwiftBookHomeTaskTransitions;
				PRODUCT_NAME = "$(TARGET_NAME)";
				SWIFT_EMIT_LOC_STRINGS = YES;
				SWIFT_VERSION = 5.0;
				TARGETED_DEVICE_FAMILY = "1,2";
			};
			name = Debug;
		};
		0826E26928EA206300C2B9CD /* Release */ = {
			isa = XCBuildConfiguration;
			buildSettings = {
				ASSETCATALOG_COMPILER_APPICON_NAME = AppIcon;
				ASSETCATALOG_COMPILER_GLOBAL_ACCENT_COLOR_NAME = AccentColor;
				CODE_SIGN_STYLE = Automatic;
				CURRENT_PROJECT_VERSION = 1;
				DEVELOPMENT_TEAM = U5GTXVYV6H;
				GENERATE_INFOPLIST_FILE = YES;
				INFOPLIST_FILE = SwiftBookHomeTaskTransitions/Info.plist;
				INFOPLIST_KEY_UIApplicationSupportsIndirectInputEvents = YES;
				INFOPLIST_KEY_UILaunchStoryboardName = LaunchScreen;
				INFOPLIST_KEY_UIMainStoryboardFile = Main;
				INFOPLIST_KEY_UISupportedInterfaceOrientations_iPad = "UIInterfaceOrientationPortrait UIInterfaceOrientationPortraitUpsideDown UIInterfaceOrientationLandscapeLeft UIInterfaceOrientationLandscapeRight";
				INFOPLIST_KEY_UISupportedInterfaceOrientations_iPhone = "UIInterfaceOrientationPortrait UIInterfaceOrientationLandscapeLeft UIInterfaceOrientationLandscapeRight";
				LD_RUNPATH_SEARCH_PATHS = (
					"$(inherited)",
					"@executable_path/Frameworks",
				);
				MARKETING_VERSION = 1.0;
				PRODUCT_BUNDLE_IDENTIFIER = chechen.SwiftBookHomeTaskTransitions;
				PRODUCT_NAME = "$(TARGET_NAME)";
				SWIFT_EMIT_LOC_STRINGS = YES;
				SWIFT_VERSION = 5.0;
				TARGETED_DEVICE_FAMILY = "1,2";
			};
			name = Release;
		};
/* End XCBuildConfiguration section */

/* Begin XCConfigurationList section */
		0826E24E28EA206200C2B9CD /* Build configuration list for PBXProject "SwiftBookHomeTaskTransitions" */ = {
			isa = XCConfigurationList;
			buildConfigurations = (
				0826E26528EA206300C2B9CD /* Debug */,
				0826E26628EA206300C2B9CD /* Release */,
			);
			defaultConfigurationIsVisible = 0;
			defaultConfigurationName = Release;
		};
		0826E26728EA206300C2B9CD /* Build configuration list for PBXNativeTarget "SwiftBookHomeTaskTransitions" */ = {
			isa = XCConfigurationList;
			buildConfigurations = (
				0826E26828EA206300C2B9CD /* Debug */,
				0826E26928EA206300C2B9CD /* Release */,
			);
			defaultConfigurationIsVisible = 0;
			defaultConfigurationName = Release;
		};
/* End XCConfigurationList section */
	};
	rootObject = 0826E24B28EA206200C2B9CD /* Project object */;
}
